
Microsoft Visual Studio Solution File, Format Version 12.00
# Visual Studio Version 17
VisualStudioVersion = 17.5.33530.505
MinimumVisualStudioVersion = 10.0.40219.1
Project("{FAE04EC0-301F-11D3-BF4B-00C04F79EFBC}") = "MiinaharavaKonsoli", "MiinaharavaKonsoli\MiinaharavaKonsoli.csproj", "{BE204A9C-1FA6-4716-B773-80B17047603D}"
EndProject
Global
	GlobalSection(SolutionConfigurationPlatforms) = preSolution
		Debug|Any CPU = Debug|Any CPU
		Release|Any CPU = Release|Any CPU
	EndGlobalSection
	GlobalSection(ProjectConfigurationPlatforms) = postSolution
		{BE204A9C-1FA6-4716-B773-80B17047603D}.Debug|Any CPU.ActiveCfg = Debug|Any CPU
		{BE204A9C-1FA6-4716-B773-80B17047603D}.Debug|Any CPU.Build.0 = Debug|Any CPU
		{BE204A9C-1FA6-4716-B773-80B17047603D}.Release|Any CPU.ActiveCfg = Release|Any CPU
		{BE204A9C-1FA6-4716-B773-80B17047603D}.Release|Any CPU.Build.0 = Release|Any CPU
	EndGlobalSection
	GlobalSection(SolutionProperties) = preSolution
		HideSolutionNode = FALSE
	EndGlobalSection
	GlobalSection(ExtensibilityGlobals) = postSolution
		SolutionGuid = {69C889EE-7769-463F-9226-89CB344E0577}
	EndGlobalSection
EndGlobal
